
Microsoft Visual Studio Solution File, Format Version 12.00
# Visual Studio Version 17
VisualStudioVersion = 17.5.002.0
MinimumVisualStudioVersion = 10.0.40219.1
Project("{9A19103F-16F7-4668-BE54-9A1E7A4F7556}") = "TodoApi", "TodoApi.csproj", "{44BDD718-E5E6-430E-84D1-74B5F293404D}"
EndProject
Project("{FAE04EC0-301F-11D3-BF4B-00C04F79EFBC}") = "TestToDo", "..\TestToDo\TestToDo.csproj", "{404D1C92-B1AC-45B0-B4F0-9F6D2A1703FC}"
EndProject
Global
	GlobalSection(SolutionConfigurationPlatforms) = preSolution
		Debug|Any CPU = Debug|Any CPU
		Release|Any CPU = Release|Any CPU
	EndGlobalSection
	GlobalSection(ProjectConfigurationPlatforms) = postSolution
		{44BDD718-E5E6-430E-84D1-74B5F293404D}.Debug|Any CPU.ActiveCfg = Debug|Any CPU
		{44BDD718-E5E6-430E-84D1-74B5F293404D}.Debug|Any CPU.Build.0 = Debug|Any CPU
		{44BDD718-E5E6-430E-84D1-74B5F293404D}.Release|Any CPU.ActiveCfg = Release|Any CPU
		{44BDD718-E5E6-430E-84D1-74B5F293404D}.Release|Any CPU.Build.0 = Release|Any CPU
		{404D1C92-B1AC-45B0-B4F0-9F6D2A1703FC}.Debug|Any CPU.ActiveCfg = Debug|Any CPU
		{404D1C92-B1AC-45B0-B4F0-9F6D2A1703FC}.Debug|Any CPU.Build.0 = Debug|Any CPU
		{404D1C92-B1AC-45B0-B4F0-9F6D2A1703FC}.Release|Any CPU.ActiveCfg = Release|Any CPU
		{404D1C92-B1AC-45B0-B4F0-9F6D2A1703FC}.Release|Any CPU.Build.0 = Release|Any CPU
	EndGlobalSection
	GlobalSection(SolutionProperties) = preSolution
		HideSolutionNode = FALSE
	EndGlobalSection
	GlobalSection(ExtensibilityGlobals) = postSolution
		SolutionGuid = {6C9A03A7-9B02-4C33-BCE5-C80AD314DF41}
	EndGlobalSection
EndGlobal
